
Microsoft Visual Studio Solution File, Format Version 12.00
# Visual Studio Version 17
VisualStudioVersion = 17.9.34616.47
MinimumVisualStudioVersion = 10.0.40219.1
Project("{FAE04EC0-301F-11D3-BF4B-00C04F79EFBC}") = "Server", "Server\Server.csproj", "{E437189E-0A2D-4DC7-8086-5B72074107A1}"
EndProject
Global
	GlobalSection(SolutionConfigurationPlatforms) = preSolution
		Debug|Any CPU = Debug|Any CPU
		Release|Any CPU = Release|Any CPU
	EndGlobalSection
	GlobalSection(ProjectConfigurationPlatforms) = postSolution
		{E437189E-0A2D-4DC7-8086-5B72074107A1}.Debug|Any CPU.ActiveCfg = Debug|Any CPU
		{E437189E-0A2D-4DC7-8086-5B72074107A1}.Debug|Any CPU.Build.0 = Debug|Any CPU
		{E437189E-0A2D-4DC7-8086-5B72074107A1}.Release|Any CPU.ActiveCfg = Release|Any CPU
		{E437189E-0A2D-4DC7-8086-5B72074107A1}.Release|Any CPU.Build.0 = Release|Any CPU
	EndGlobalSection
	GlobalSection(SolutionProperties) = preSolution
		HideSolutionNode = FALSE
	EndGlobalSection
	GlobalSection(ExtensibilityGlobals) = postSolution
		SolutionGuid = {8119EBBC-4120-4457-AE88-AADEB2A333C7}
	EndGlobalSection
EndGlobal
